
Microsoft Visual Studio Solution File, Format Version 12.00
# Visual Studio 14
VisualStudioVersion = 14.0.25420.1
MinimumVisualStudioVersion = 10.0.40219.1
Project("{FAE04EC0-301F-11D3-BF4B-00C04F79EFBC}") = "mp3Player_WpfApplication", "mp3Player_WpfApplication\mp3Player_WpfApplication.csproj", "{50BB4E24-C0D5-452E-AB8B-0F9465FBB60E}"
EndProject
Global
	GlobalSection(SolutionConfigurationPlatforms) = preSolution
		Debug|Any CPU = Debug|Any CPU
		Release|Any CPU = Release|Any CPU
	EndGlobalSection
	GlobalSection(ProjectConfigurationPlatforms) = postSolution
		{50BB4E24-C0D5-452E-AB8B-0F9465FBB60E}.Debug|Any CPU.ActiveCfg = Debug|Any CPU
		{50BB4E24-C0D5-452E-AB8B-0F9465FBB60E}.Debug|Any CPU.Build.0 = Debug|Any CPU
		{50BB4E24-C0D5-452E-AB8B-0F9465FBB60E}.Release|Any CPU.ActiveCfg = Release|Any CPU
		{50BB4E24-C0D5-452E-AB8B-0F9465FBB60E}.Release|Any CPU.Build.0 = Release|Any CPU
	EndGlobalSection
	GlobalSection(SolutionProperties) = preSolution
		HideSolutionNode = FALSE
	EndGlobalSection
EndGlobal
